
Microsoft Visual Studio Solution File, Format Version 12.00
# Visual Studio Version 16
VisualStudioVersion = 16.0.29424.173
MinimumVisualStudioVersion = 10.0.40219.1
Project("{FAE04EC0-301F-11D3-BF4B-00C04F79EFBC}") = "App2", "App2\App2.csproj", "{CC97294C-C6EA-45D7-93BB-1AEB988BF784}"
EndProject
Global
	GlobalSection(SolutionConfigurationPlatforms) = preSolution
		Debug|Any CPU = Debug|Any CPU
		Release|Any CPU = Release|Any CPU
	EndGlobalSection
	GlobalSection(ProjectConfigurationPlatforms) = postSolution
		{CC97294C-C6EA-45D7-93BB-1AEB988BF784}.Debug|Any CPU.ActiveCfg = Debug|Any CPU
		{CC97294C-C6EA-45D7-93BB-1AEB988BF784}.Debug|Any CPU.Build.0 = Debug|Any CPU
		{CC97294C-C6EA-45D7-93BB-1AEB988BF784}.Debug|Any CPU.Deploy.0 = Debug|Any CPU
		{CC97294C-C6EA-45D7-93BB-1AEB988BF784}.Release|Any CPU.ActiveCfg = Release|Any CPU
		{CC97294C-C6EA-45D7-93BB-1AEB988BF784}.Release|Any CPU.Build.0 = Release|Any CPU
		{CC97294C-C6EA-45D7-93BB-1AEB988BF784}.Release|Any CPU.Deploy.0 = Release|Any CPU
	EndGlobalSection
	GlobalSection(SolutionProperties) = preSolution
		HideSolutionNode = FALSE
	EndGlobalSection
	GlobalSection(ExtensibilityGlobals) = postSolution
		SolutionGuid = {54FE367D-B2B1-483D-9E3A-C5C5D8487D0C}
	EndGlobalSection
EndGlobal
